
Microsoft Visual Studio Solution File, Format Version 12.00
# Visual Studio 15
VisualStudioVersion = 15.0.28010.2016
MinimumVisualStudioVersion = 10.0.40219.1
Project("{FAE04EC0-301F-11D3-BF4B-00C04F79EFBC}") = "kursus05", "kursus05\kursus05.csproj", "{47847204-2D9F-4624-B647-DD6567B9DB25}"
EndProject
Project("{FAE04EC0-301F-11D3-BF4B-00C04F79EFBC}") = "kursus05a", "kursus05a\kursus05a.csproj", "{18790072-C663-4431-98AF-C04367BEBB13}"
EndProject
Project("{FAE04EC0-301F-11D3-BF4B-00C04F79EFBC}") = "kursus05b", "kursus05b\kursus05b.csproj", "{549517E4-EC5A-490A-951F-0DE5BE643C5C}"
EndProject
Project("{FAE04EC0-301F-11D3-BF4B-00C04F79EFBC}") = "kursus05c", "kursus05c\kursus05c.csproj", "{74239B49-C003-4210-BE86-1CCC50E479C5}"
EndProject
Global
	GlobalSection(SolutionConfigurationPlatforms) = preSolution
		Debug|Any CPU = Debug|Any CPU
		Release|Any CPU = Release|Any CPU
	EndGlobalSection
	GlobalSection(ProjectConfigurationPlatforms) = postSolution
		{47847204-2D9F-4624-B647-DD6567B9DB25}.Debug|Any CPU.ActiveCfg = Debug|Any CPU
		{47847204-2D9F-4624-B647-DD6567B9DB25}.Debug|Any CPU.Build.0 = Debug|Any CPU
		{47847204-2D9F-4624-B647-DD6567B9DB25}.Release|Any CPU.ActiveCfg = Release|Any CPU
		{47847204-2D9F-4624-B647-DD6567B9DB25}.Release|Any CPU.Build.0 = Release|Any CPU
		{18790072-C663-4431-98AF-C04367BEBB13}.Debug|Any CPU.ActiveCfg = Debug|Any CPU
		{18790072-C663-4431-98AF-C04367BEBB13}.Debug|Any CPU.Build.0 = Debug|Any CPU
		{18790072-C663-4431-98AF-C04367BEBB13}.Release|Any CPU.ActiveCfg = Release|Any CPU
		{18790072-C663-4431-98AF-C04367BEBB13}.Release|Any CPU.Build.0 = Release|Any CPU
		{549517E4-EC5A-490A-951F-0DE5BE643C5C}.Debug|Any CPU.ActiveCfg = Debug|Any CPU
		{549517E4-EC5A-490A-951F-0DE5BE643C5C}.Debug|Any CPU.Build.0 = Debug|Any CPU
		{549517E4-EC5A-490A-951F-0DE5BE643C5C}.Release|Any CPU.ActiveCfg = Release|Any CPU
		{549517E4-EC5A-490A-951F-0DE5BE643C5C}.Release|Any CPU.Build.0 = Release|Any CPU
		{74239B49-C003-4210-BE86-1CCC50E479C5}.Debug|Any CPU.ActiveCfg = Debug|Any CPU
		{74239B49-C003-4210-BE86-1CCC50E479C5}.Debug|Any CPU.Build.0 = Debug|Any CPU
		{74239B49-C003-4210-BE86-1CCC50E479C5}.Release|Any CPU.ActiveCfg = Release|Any CPU
		{74239B49-C003-4210-BE86-1CCC50E479C5}.Release|Any CPU.Build.0 = Release|Any CPU
	EndGlobalSection
	GlobalSection(SolutionProperties) = preSolution
		HideSolutionNode = FALSE
	EndGlobalSection
	GlobalSection(ExtensibilityGlobals) = postSolution
		SolutionGuid = {EFD947D6-3BDF-4753-8B45-F826E64BFAC6}
	EndGlobalSection
EndGlobal
